
Microsoft Visual Studio Solution File, Format Version 12.00
# Visual Studio 2012
Project("{FAE04EC0-301F-11D3-BF4B-00C04F79EFBC}") = "CrystalSample.WinForms", "CrystalSample.WinForms\CrystalSample.WinForms.csproj", "{9E44A497-C9E2-4712-AF0F-7DC43F7E4D4C}"
EndProject
Project("{FAE04EC0-301F-11D3-BF4B-00C04F79EFBC}") = "CrystalSample.Wpf", "CrystalSample.Wpf\CrystalSample.Wpf.csproj", "{521A5A30-EDC2-47EE-9B66-37B1D106B7F5}"
EndProject
Project("{FAE04EC0-301F-11D3-BF4B-00C04F79EFBC}") = "CrystalSample.NancyFx", "CrystalSample.NancyFx\CrystalSample.NancyFx.csproj", "{D08443D0-E60B-4088-B8E4-2284D863341E}"
EndProject
Project("{FAE04EC0-301F-11D3-BF4B-00C04F79EFBC}") = "SharedReports", "SharedReports\SharedReports.csproj", "{AEE18BE5-B560-4433-AAAA-71040CB0CADC}"
EndProject
Global
	GlobalSection(SolutionConfigurationPlatforms) = preSolution
		Debug|Any CPU = Debug|Any CPU
		Release|Any CPU = Release|Any CPU
	EndGlobalSection
	GlobalSection(ProjectConfigurationPlatforms) = postSolution
		{9E44A497-C9E2-4712-AF0F-7DC43F7E4D4C}.Debug|Any CPU.ActiveCfg = Debug|Any CPU
		{9E44A497-C9E2-4712-AF0F-7DC43F7E4D4C}.Debug|Any CPU.Build.0 = Debug|Any CPU
		{9E44A497-C9E2-4712-AF0F-7DC43F7E4D4C}.Release|Any CPU.ActiveCfg = Release|Any CPU
		{9E44A497-C9E2-4712-AF0F-7DC43F7E4D4C}.Release|Any CPU.Build.0 = Release|Any CPU
		{521A5A30-EDC2-47EE-9B66-37B1D106B7F5}.Debug|Any CPU.ActiveCfg = Debug|Any CPU
		{521A5A30-EDC2-47EE-9B66-37B1D106B7F5}.Debug|Any CPU.Build.0 = Debug|Any CPU
		{521A5A30-EDC2-47EE-9B66-37B1D106B7F5}.Release|Any CPU.ActiveCfg = Release|Any CPU
		{521A5A30-EDC2-47EE-9B66-37B1D106B7F5}.Release|Any CPU.Build.0 = Release|Any CPU
		{D08443D0-E60B-4088-B8E4-2284D863341E}.Debug|Any CPU.ActiveCfg = Debug|Any CPU
		{D08443D0-E60B-4088-B8E4-2284D863341E}.Debug|Any CPU.Build.0 = Debug|Any CPU
		{D08443D0-E60B-4088-B8E4-2284D863341E}.Release|Any CPU.ActiveCfg = Release|Any CPU
		{D08443D0-E60B-4088-B8E4-2284D863341E}.Release|Any CPU.Build.0 = Release|Any CPU
		{AEE18BE5-B560-4433-AAAA-71040CB0CADC}.Debug|Any CPU.ActiveCfg = Debug|Any CPU
		{AEE18BE5-B560-4433-AAAA-71040CB0CADC}.Debug|Any CPU.Build.0 = Debug|Any CPU
		{AEE18BE5-B560-4433-AAAA-71040CB0CADC}.Release|Any CPU.ActiveCfg = Release|Any CPU
		{AEE18BE5-B560-4433-AAAA-71040CB0CADC}.Release|Any CPU.Build.0 = Release|Any CPU
	EndGlobalSection
	GlobalSection(SolutionProperties) = preSolution
		HideSolutionNode = FALSE
	EndGlobalSection
EndGlobal
